
Microsoft Visual Studio Solution File, Format Version 11.00
# Visual Studio 2010
Project("{FAE04EC0-301F-11D3-BF4B-00C04F79EFBC}") = "UnityEngine.UI", "UnityEngine.UI.csproj", "{6c198d24-de44-8ad4-9a0b-7892911153ed}"
EndProject
Project("{FAE04EC0-301F-11D3-BF4B-00C04F79EFBC}") = "UnityEngine.TestRunner", "UnityEngine.TestRunner.csproj", "{3af37353-6009-579c-73ea-db167b299020}"
EndProject
Project("{FAE04EC0-301F-11D3-BF4B-00C04F79EFBC}") = "Unity.Mathematics", "Unity.Mathematics.csproj", "{5812d227-4463-71e2-aab4-05143d4bdc8e}"
EndProject
Project("{FAE04EC0-301F-11D3-BF4B-00C04F79EFBC}") = "Unity.2D.Animation.Triangle.Runtime", "Unity.2D.Animation.Triangle.Runtime.csproj", "{3c747f04-bebf-797b-a9d8-85599250d458}"
EndProject
Project("{FAE04EC0-301F-11D3-BF4B-00C04F79EFBC}") = "Unity.Timeline", "Unity.Timeline.csproj", "{9f4fe1dd-d452-8194-4bd1-c9f10a5029e3}"
EndProject
Project("{FAE04EC0-301F-11D3-BF4B-00C04F79EFBC}") = "Unity.TextMeshPro", "Unity.TextMeshPro.csproj", "{6c7f72e9-7564-a0a9-8670-47876fda5e47}"
EndProject
Project("{FAE04EC0-301F-11D3-BF4B-00C04F79EFBC}") = "Unity.2D.Animation.Runtime", "Unity.2D.Animation.Runtime.csproj", "{1b1a475e-25a7-99d2-0eb1-da3fe64797bc}"
EndProject
Project("{FAE04EC0-301F-11D3-BF4B-00C04F79EFBC}") = "Unity.2D.IK.Runtime", "Unity.2D.IK.Runtime.csproj", "{5a9c1187-40f9-5138-b815-a25b817c25c3}"
EndProject
Project("{FAE04EC0-301F-11D3-BF4B-00C04F79EFBC}") = "Unity.2D.SpriteShape.Runtime", "Unity.2D.SpriteShape.Runtime.csproj", "{ad62c060-66ca-62bc-72c6-5615195ae296}"
EndProject
Project("{FAE04EC0-301F-11D3-BF4B-00C04F79EFBC}") = "Unity.2D.PixelPerfect", "Unity.2D.PixelPerfect.csproj", "{55e32f65-02a1-6dee-bdde-c31f331809a7}"
EndProject
Project("{FAE04EC0-301F-11D3-BF4B-00C04F79EFBC}") = "Unity.2D.Common.Runtime", "Unity.2D.Common.Runtime.csproj", "{90cc2ffd-6a1f-b903-6426-2d741e0f1634}"
EndProject
Project("{FAE04EC0-301F-11D3-BF4B-00C04F79EFBC}") = "Unity.InternalAPIEngineBridge.001", "Unity.InternalAPIEngineBridge.001.csproj", "{823e9bb3-77aa-f911-761c-fb42e07f842d}"
EndProject
Project("{FAE04EC0-301F-11D3-BF4B-00C04F79EFBC}") = "Assembly-CSharp", "Assembly-CSharp.csproj", "{1c6a911d-a3db-23d4-e263-bcbd7fb851a6}"
EndProject
Project("{FAE04EC0-301F-11D3-BF4B-00C04F79EFBC}") = "UnityEditor.TestRunner", "UnityEditor.TestRunner.csproj", "{618004eb-5af9-aed3-54f7-f8061426b3ed}"
EndProject
Project("{FAE04EC0-301F-11D3-BF4B-00C04F79EFBC}") = "Unity.PlasticSCM.Editor", "Unity.PlasticSCM.Editor.csproj", "{78247399-9f89-0be1-33e8-7a361d702de5}"
EndProject
Project("{FAE04EC0-301F-11D3-BF4B-00C04F79EFBC}") = "UnityEditor.UI", "UnityEditor.UI.csproj", "{46a0b081-28fb-fed9-3dd4-b77a11ac4027}"
EndProject
Project("{FAE04EC0-301F-11D3-BF4B-00C04F79EFBC}") = "Unity.Services.Core.Editor", "Unity.Services.Core.Editor.csproj", "{3ceb0909-4248-aea4-6a63-423e7c745d88}"
EndProject
Project("{FAE04EC0-301F-11D3-BF4B-00C04F79EFBC}") = "Unity.Timeline.Editor", "Unity.Timeline.Editor.csproj", "{1fc57642-2044-ef52-33a6-3abbe4187990}"
EndProject
Project("{FAE04EC0-301F-11D3-BF4B-00C04F79EFBC}") = "Unity.VisualStudio.Editor", "Unity.VisualStudio.Editor.csproj", "{7acfc3df-cee2-beeb-f623-b42892d3ac8b}"
EndProject
Project("{FAE04EC0-301F-11D3-BF4B-00C04F79EFBC}") = "Unity.2D.Psdimporter.Editor", "Unity.2D.Psdimporter.Editor.csproj", "{44992293-d560-d249-da8d-944e6793690d}"
EndProject
Project("{FAE04EC0-301F-11D3-BF4B-00C04F79EFBC}") = "Unity.2D.Animation.Editor", "Unity.2D.Animation.Editor.csproj", "{26d7bdf3-9cb8-c2a9-cba6-4d52d234c6b9}"
EndProject
Project("{FAE04EC0-301F-11D3-BF4B-00C04F79EFBC}") = "Unity.TextMeshPro.Editor", "Unity.TextMeshPro.Editor.csproj", "{a2d2a832-0747-8e1d-ee48-6901ca4a496b}"
EndProject
Project("{FAE04EC0-301F-11D3-BF4B-00C04F79EFBC}") = "Unity.2D.SpriteShape.Editor", "Unity.2D.SpriteShape.Editor.csproj", "{835d8ae7-9f63-26a8-ebda-72a7181bd00c}"
EndProject
Project("{FAE04EC0-301F-11D3-BF4B-00C04F79EFBC}") = "Unity.CollabProxy.Editor", "Unity.CollabProxy.Editor.csproj", "{98b29856-c3df-bb3d-372f-8aae585f2715}"
EndProject
Project("{FAE04EC0-301F-11D3-BF4B-00C04F79EFBC}") = "PsdPlugin", "PsdPlugin.csproj", "{1e657635-113a-c8ad-de4b-2303dbfec256}"
EndProject
Project("{FAE04EC0-301F-11D3-BF4B-00C04F79EFBC}") = "Unity.2D.Path.Editor", "Unity.2D.Path.Editor.csproj", "{b9a7cda5-3248-3c04-31b2-1e7c6118a2ad}"
EndProject
Project("{FAE04EC0-301F-11D3-BF4B-00C04F79EFBC}") = "Unity.Rider.Editor", "Unity.Rider.Editor.csproj", "{9697cf44-08cd-213a-9193-dd1d8d158528}"
EndProject
Project("{FAE04EC0-301F-11D3-BF4B-00C04F79EFBC}") = "Unity.2D.IK.Editor", "Unity.2D.IK.Editor.csproj", "{3c351102-234e-5d19-a80d-40d71ebb33f7}"
EndProject
Project("{FAE04EC0-301F-11D3-BF4B-00C04F79EFBC}") = "Unity.2D.Sprite.Editor", "Unity.2D.Sprite.Editor.csproj", "{037cafe2-3e10-5c38-1abf-6087fba37999}"
EndProject
Project("{FAE04EC0-301F-11D3-BF4B-00C04F79EFBC}") = "Unity.2D.Tilemap.Editor", "Unity.2D.Tilemap.Editor.csproj", "{efd094ec-f864-aea8-fe2a-a2bdd163259a}"
EndProject
Project("{FAE04EC0-301F-11D3-BF4B-00C04F79EFBC}") = "Unity.2D.PixelPerfect.Editor", "Unity.2D.PixelPerfect.Editor.csproj", "{70bacd50-cd3e-b8b8-f278-2122765a8ca7}"
EndProject
Project("{FAE04EC0-301F-11D3-BF4B-00C04F79EFBC}") = "Unity.VSCode.Editor", "Unity.VSCode.Editor.csproj", "{bd985525-faac-34cf-9e14-66decfdbfbeb}"
EndProject
Project("{FAE04EC0-301F-11D3-BF4B-00C04F79EFBC}") = "Unity.2D.Common.Editor", "Unity.2D.Common.Editor.csproj", "{2f8ea319-dc7c-1687-d351-0b06f0ca702c}"
EndProject
Project("{FAE04EC0-301F-11D3-BF4B-00C04F79EFBC}") = "Unity.Mathematics.Editor", "Unity.Mathematics.Editor.csproj", "{c91efde4-43c0-191f-988e-585469de71eb}"
EndProject
Project("{FAE04EC0-301F-11D3-BF4B-00C04F79EFBC}") = "Unity.InternalAPIEditorBridge.001", "Unity.InternalAPIEditorBridge.001.csproj", "{4ce2ebdc-bc54-7539-f5eb-7a4b1f7c3ee3}"
EndProject
Global
	GlobalSection(SolutionConfigurationPlatforms) = preSolution
		Debug|Any CPU = Debug|Any CPU
		Release|Any CPU = Release|Any CPU
	EndGlobalSection
	GlobalSection(ProjectConfigurationPlatforms) = postSolution
		{6c198d24-de44-8ad4-9a0b-7892911153ed}.Debug|Any CPU.ActiveCfg = Debug|Any CPU
		{6c198d24-de44-8ad4-9a0b-7892911153ed}.Debug|Any CPU.Build.0 = Debug|Any CPU
		{6c198d24-de44-8ad4-9a0b-7892911153ed}.Release|Any CPU.ActiveCfg = Release|Any CPU
		{6c198d24-de44-8ad4-9a0b-7892911153ed}.Release|Any CPU.Build.0 = Release|Any CPU
		{3af37353-6009-579c-73ea-db167b299020}.Debug|Any CPU.ActiveCfg = Debug|Any CPU
		{3af37353-6009-579c-73ea-db167b299020}.Debug|Any CPU.Build.0 = Debug|Any CPU
		{3af37353-6009-579c-73ea-db167b299020}.Release|Any CPU.ActiveCfg = Release|Any CPU
		{3af37353-6009-579c-73ea-db167b299020}.Release|Any CPU.Build.0 = Release|Any CPU
		{5812d227-4463-71e2-aab4-05143d4bdc8e}.Debug|Any CPU.ActiveCfg = Debug|Any CPU
		{5812d227-4463-71e2-aab4-05143d4bdc8e}.Debug|Any CPU.Build.0 = Debug|Any CPU
		{5812d227-4463-71e2-aab4-05143d4bdc8e}.Release|Any CPU.ActiveCfg = Release|Any CPU
		{5812d227-4463-71e2-aab4-05143d4bdc8e}.Release|Any CPU.Build.0 = Release|Any CPU
		{3c747f04-bebf-797b-a9d8-85599250d458}.Debug|Any CPU.ActiveCfg = Debug|Any CPU
		{3c747f04-bebf-797b-a9d8-85599250d458}.Debug|Any CPU.Build.0 = Debug|Any CPU
		{3c747f04-bebf-797b-a9d8-85599250d458}.Release|Any CPU.ActiveCfg = Release|Any CPU
		{3c747f04-bebf-797b-a9d8-85599250d458}.Release|Any CPU.Build.0 = Release|Any CPU
		{9f4fe1dd-d452-8194-4bd1-c9f10a5029e3}.Debug|Any CPU.ActiveCfg = Debug|Any CPU
		{9f4fe1dd-d452-8194-4bd1-c9f10a5029e3}.Debug|Any CPU.Build.0 = Debug|Any CPU
		{9f4fe1dd-d452-8194-4bd1-c9f10a5029e3}.Release|Any CPU.ActiveCfg = Release|Any CPU
		{9f4fe1dd-d452-8194-4bd1-c9f10a5029e3}.Release|Any CPU.Build.0 = Release|Any CPU
		{6c7f72e9-7564-a0a9-8670-47876fda5e47}.Debug|Any CPU.ActiveCfg = Debug|Any CPU
		{6c7f72e9-7564-a0a9-8670-47876fda5e47}.Debug|Any CPU.Build.0 = Debug|Any CPU
		{6c7f72e9-7564-a0a9-8670-47876fda5e47}.Release|Any CPU.ActiveCfg = Release|Any CPU
		{6c7f72e9-7564-a0a9-8670-47876fda5e47}.Release|Any CPU.Build.0 = Release|Any CPU
		{1b1a475e-25a7-99d2-0eb1-da3fe64797bc}.Debug|Any CPU.ActiveCfg = Debug|Any CPU
		{1b1a475e-25a7-99d2-0eb1-da3fe64797bc}.Debug|Any CPU.Build.0 = Debug|Any CPU
		{1b1a475e-25a7-99d2-0eb1-da3fe64797bc}.Release|Any CPU.ActiveCfg = Release|Any CPU
		{1b1a475e-25a7-99d2-0eb1-da3fe64797bc}.Release|Any CPU.Build.0 = Release|Any CPU
		{5a9c1187-40f9-5138-b815-a25b817c25c3}.Debug|Any CPU.ActiveCfg = Debug|Any CPU
		{5a9c1187-40f9-5138-b815-a25b817c25c3}.Debug|Any CPU.Build.0 = Debug|Any CPU
		{5a9c1187-40f9-5138-b815-a25b817c25c3}.Release|Any CPU.ActiveCfg = Release|Any CPU
		{5a9c1187-40f9-5138-b815-a25b817c25c3}.Release|Any CPU.Build.0 = Release|Any CPU
		{ad62c060-66ca-62bc-72c6-5615195ae296}.Debug|Any CPU.ActiveCfg = Debug|Any CPU
		{ad62c060-66ca-62bc-72c6-5615195ae296}.Debug|Any CPU.Build.0 = Debug|Any CPU
		{ad62c060-66ca-62bc-72c6-5615195ae296}.Release|Any CPU.ActiveCfg = Release|Any CPU
		{ad62c060-66ca-62bc-72c6-5615195ae296}.Release|Any CPU.Build.0 = Release|Any CPU
		{55e32f65-02a1-6dee-bdde-c31f331809a7}.Debug|Any CPU.ActiveCfg = Debug|Any CPU
		{55e32f65-02a1-6dee-bdde-c31f331809a7}.Debug|Any CPU.Build.0 = Debug|Any CPU
		{55e32f65-02a1-6dee-bdde-c31f331809a7}.Release|Any CPU.ActiveCfg = Release|Any CPU
		{55e32f65-02a1-6dee-bdde-c31f331809a7}.Release|Any CPU.Build.0 = Release|Any CPU
		{90cc2ffd-6a1f-b903-6426-2d741e0f1634}.Debug|Any CPU.ActiveCfg = Debug|Any CPU
		{90cc2ffd-6a1f-b903-6426-2d741e0f1634}.Debug|Any CPU.Build.0 = Debug|Any CPU
		{90cc2ffd-6a1f-b903-6426-2d741e0f1634}.Release|Any CPU.ActiveCfg = Release|Any CPU
		{90cc2ffd-6a1f-b903-6426-2d741e0f1634}.Release|Any CPU.Build.0 = Release|Any CPU
		{823e9bb3-77aa-f911-761c-fb42e07f842d}.Debug|Any CPU.ActiveCfg = Debug|Any CPU
		{823e9bb3-77aa-f911-761c-fb42e07f842d}.Debug|Any CPU.Build.0 = Debug|Any CPU
		{823e9bb3-77aa-f911-761c-fb42e07f842d}.Release|Any CPU.ActiveCfg = Release|Any CPU
		{823e9bb3-77aa-f911-761c-fb42e07f842d}.Release|Any CPU.Build.0 = Release|Any CPU
		{1c6a911d-a3db-23d4-e263-bcbd7fb851a6}.Debug|Any CPU.ActiveCfg = Debug|Any CPU
		{1c6a911d-a3db-23d4-e263-bcbd7fb851a6}.Debug|Any CPU.Build.0 = Debug|Any CPU
		{1c6a911d-a3db-23d4-e263-bcbd7fb851a6}.Release|Any CPU.ActiveCfg = Release|Any CPU
		{1c6a911d-a3db-23d4-e263-bcbd7fb851a6}.Release|Any CPU.Build.0 = Release|Any CPU
		{618004eb-5af9-aed3-54f7-f8061426b3ed}.Debug|Any CPU.ActiveCfg = Debug|Any CPU
		{618004eb-5af9-aed3-54f7-f8061426b3ed}.Debug|Any CPU.Build.0 = Debug|Any CPU
		{618004eb-5af9-aed3-54f7-f8061426b3ed}.Release|Any CPU.ActiveCfg = Release|Any CPU
		{618004eb-5af9-aed3-54f7-f8061426b3ed}.Release|Any CPU.Build.0 = Release|Any CPU
		{78247399-9f89-0be1-33e8-7a361d702de5}.Debug|Any CPU.ActiveCfg = Debug|Any CPU
		{78247399-9f89-0be1-33e8-7a361d702de5}.Debug|Any CPU.Build.0 = Debug|Any CPU
		{78247399-9f89-0be1-33e8-7a361d702de5}.Release|Any CPU.ActiveCfg = Release|Any CPU
		{78247399-9f89-0be1-33e8-7a361d702de5}.Release|Any CPU.Build.0 = Release|Any CPU
		{46a0b081-28fb-fed9-3dd4-b77a11ac4027}.Debug|Any CPU.ActiveCfg = Debug|Any CPU
		{46a0b081-28fb-fed9-3dd4-b77a11ac4027}.Debug|Any CPU.Build.0 = Debug|Any CPU
		{46a0b081-28fb-fed9-3dd4-b77a11ac4027}.Release|Any CPU.ActiveCfg = Release|Any CPU
		{46a0b081-28fb-fed9-3dd4-b77a11ac4027}.Release|Any CPU.Build.0 = Release|Any CPU
		{3ceb0909-4248-aea4-6a63-423e7c745d88}.Debug|Any CPU.ActiveCfg = Debug|Any CPU
		{3ceb0909-4248-aea4-6a63-423e7c745d88}.Debug|Any CPU.Build.0 = Debug|Any CPU
		{3ceb0909-4248-aea4-6a63-423e7c745d88}.Release|Any CPU.ActiveCfg = Release|Any CPU
		{3ceb0909-4248-aea4-6a63-423e7c745d88}.Release|Any CPU.Build.0 = Release|Any CPU
		{1fc57642-2044-ef52-33a6-3abbe4187990}.Debug|Any CPU.ActiveCfg = Debug|Any CPU
		{1fc57642-2044-ef52-33a6-3abbe4187990}.Debug|Any CPU.Build.0 = Debug|Any CPU
		{1fc57642-2044-ef52-33a6-3abbe4187990}.Release|Any CPU.ActiveCfg = Release|Any CPU
		{1fc57642-2044-ef52-33a6-3abbe4187990}.Release|Any CPU.Build.0 = Release|Any CPU
		{7acfc3df-cee2-beeb-f623-b42892d3ac8b}.Debug|Any CPU.ActiveCfg = Debug|Any CPU
		{7acfc3df-cee2-beeb-f623-b42892d3ac8b}.Debug|Any CPU.Build.0 = Debug|Any CPU
		{7acfc3df-cee2-beeb-f623-b42892d3ac8b}.Release|Any CPU.ActiveCfg = Release|Any CPU
		{7acfc3df-cee2-beeb-f623-b42892d3ac8b}.Release|Any CPU.Build.0 = Release|Any CPU
		{44992293-d560-d249-da8d-944e6793690d}.Debug|Any CPU.ActiveCfg = Debug|Any CPU
		{44992293-d560-d249-da8d-944e6793690d}.Debug|Any CPU.Build.0 = Debug|Any CPU
		{44992293-d560-d249-da8d-944e6793690d}.Release|Any CPU.ActiveCfg = Release|Any CPU
		{44992293-d560-d249-da8d-944e6793690d}.Release|Any CPU.Build.0 = Release|Any CPU
		{26d7bdf3-9cb8-c2a9-cba6-4d52d234c6b9}.Debug|Any CPU.ActiveCfg = Debug|Any CPU
		{26d7bdf3-9cb8-c2a9-cba6-4d52d234c6b9}.Debug|Any CPU.Build.0 = Debug|Any CPU
		{26d7bdf3-9cb8-c2a9-cba6-4d52d234c6b9}.Release|Any CPU.ActiveCfg = Release|Any CPU
		{26d7bdf3-9cb8-c2a9-cba6-4d52d234c6b9}.Release|Any CPU.Build.0 = Release|Any CPU
		{a2d2a832-0747-8e1d-ee48-6901ca4a496b}.Debug|Any CPU.ActiveCfg = Debug|Any CPU
		{a2d2a832-0747-8e1d-ee48-6901ca4a496b}.Debug|Any CPU.Build.0 = Debug|Any CPU
		{a2d2a832-0747-8e1d-ee48-6901ca4a496b}.Release|Any CPU.ActiveCfg = Release|Any CPU
		{a2d2a832-0747-8e1d-ee48-6901ca4a496b}.Release|Any CPU.Build.0 = Release|Any CPU
		{835d8ae7-9f63-26a8-ebda-72a7181bd00c}.Debug|Any CPU.ActiveCfg = Debug|Any CPU
		{835d8ae7-9f63-26a8-ebda-72a7181bd00c}.Debug|Any CPU.Build.0 = Debug|Any CPU
		{835d8ae7-9f63-26a8-ebda-72a7181bd00c}.Release|Any CPU.ActiveCfg = Release|Any CPU
		{835d8ae7-9f63-26a8-ebda-72a7181bd00c}.Release|Any CPU.Build.0 = Release|Any CPU
		{98b29856-c3df-bb3d-372f-8aae585f2715}.Debug|Any CPU.ActiveCfg = Debug|Any CPU
		{98b29856-c3df-bb3d-372f-8aae585f2715}.Debug|Any CPU.Build.0 = Debug|Any CPU
		{98b29856-c3df-bb3d-372f-8aae585f2715}.Release|Any CPU.ActiveCfg = Release|Any CPU
		{98b29856-c3df-bb3d-372f-8aae585f2715}.Release|Any CPU.Build.0 = Release|Any CPU
		{1e657635-113a-c8ad-de4b-2303dbfec256}.Debug|Any CPU.ActiveCfg = Debug|Any CPU
		{1e657635-113a-c8ad-de4b-2303dbfec256}.Debug|Any CPU.Build.0 = Debug|Any CPU
		{1e657635-113a-c8ad-de4b-2303dbfec256}.Release|Any CPU.ActiveCfg = Release|Any CPU
		{1e657635-113a-c8ad-de4b-2303dbfec256}.Release|Any CPU.Build.0 = Release|Any CPU
		{b9a7cda5-3248-3c04-31b2-1e7c6118a2ad}.Debug|Any CPU.ActiveCfg = Debug|Any CPU
		{b9a7cda5-3248-3c04-31b2-1e7c6118a2ad}.Debug|Any CPU.Build.0 = Debug|Any CPU
		{b9a7cda5-3248-3c04-31b2-1e7c6118a2ad}.Release|Any CPU.ActiveCfg = Release|Any CPU
		{b9a7cda5-3248-3c04-31b2-1e7c6118a2ad}.Release|Any CPU.Build.0 = Release|Any CPU
		{9697cf44-08cd-213a-9193-dd1d8d158528}.Debug|Any CPU.ActiveCfg = Debug|Any CPU
		{9697cf44-08cd-213a-9193-dd1d8d158528}.Debug|Any CPU.Build.0 = Debug|Any CPU
		{9697cf44-08cd-213a-9193-dd1d8d158528}.Release|Any CPU.ActiveCfg = Release|Any CPU
		{9697cf44-08cd-213a-9193-dd1d8d158528}.Release|Any CPU.Build.0 = Release|Any CPU
		{3c351102-234e-5d19-a80d-40d71ebb33f7}.Debug|Any CPU.ActiveCfg = Debug|Any CPU
		{3c351102-234e-5d19-a80d-40d71ebb33f7}.Debug|Any CPU.Build.0 = Debug|Any CPU
		{3c351102-234e-5d19-a80d-40d71ebb33f7}.Release|Any CPU.ActiveCfg = Release|Any CPU
		{3c351102-234e-5d19-a80d-40d71ebb33f7}.Release|Any CPU.Build.0 = Release|Any CPU
		{037cafe2-3e10-5c38-1abf-6087fba37999}.Debug|Any CPU.ActiveCfg = Debug|Any CPU
		{037cafe2-3e10-5c38-1abf-6087fba37999}.Debug|Any CPU.Build.0 = Debug|Any CPU
		{037cafe2-3e10-5c38-1abf-6087fba37999}.Release|Any CPU.ActiveCfg = Release|Any CPU
		{037cafe2-3e10-5c38-1abf-6087fba37999}.Release|Any CPU.Build.0 = Release|Any CPU
		{efd094ec-f864-aea8-fe2a-a2bdd163259a}.Debug|Any CPU.ActiveCfg = Debug|Any CPU
		{efd094ec-f864-aea8-fe2a-a2bdd163259a}.Debug|Any CPU.Build.0 = Debug|Any CPU
		{efd094ec-f864-aea8-fe2a-a2bdd163259a}.Release|Any CPU.ActiveCfg = Release|Any CPU
		{efd094ec-f864-aea8-fe2a-a2bdd163259a}.Release|Any CPU.Build.0 = Release|Any CPU
		{70bacd50-cd3e-b8b8-f278-2122765a8ca7}.Debug|Any CPU.ActiveCfg = Debug|Any CPU
		{70bacd50-cd3e-b8b8-f278-2122765a8ca7}.Debug|Any CPU.Build.0 = Debug|Any CPU
		{70bacd50-cd3e-b8b8-f278-2122765a8ca7}.Release|Any CPU.ActiveCfg = Release|Any CPU
		{70bacd50-cd3e-b8b8-f278-2122765a8ca7}.Release|Any CPU.Build.0 = Release|Any CPU
		{bd985525-faac-34cf-9e14-66decfdbfbeb}.Debug|Any CPU.ActiveCfg = Debug|Any CPU
		{bd985525-faac-34cf-9e14-66decfdbfbeb}.Debug|Any CPU.Build.0 = Debug|Any CPU
		{bd985525-faac-34cf-9e14-66decfdbfbeb}.Release|Any CPU.ActiveCfg = Release|Any CPU
		{bd985525-faac-34cf-9e14-66decfdbfbeb}.Release|Any CPU.Build.0 = Release|Any CPU
		{2f8ea319-dc7c-1687-d351-0b06f0ca702c}.Debug|Any CPU.ActiveCfg = Debug|Any CPU
		{2f8ea319-dc7c-1687-d351-0b06f0ca702c}.Debug|Any CPU.Build.0 = Debug|Any CPU
		{2f8ea319-dc7c-1687-d351-0b06f0ca702c}.Release|Any CPU.ActiveCfg = Release|Any CPU
		{2f8ea319-dc7c-1687-d351-0b06f0ca702c}.Release|Any CPU.Build.0 = Release|Any CPU
		{c91efde4-43c0-191f-988e-585469de71eb}.Debug|Any CPU.ActiveCfg = Debug|Any CPU
		{c91efde4-43c0-191f-988e-585469de71eb}.Debug|Any CPU.Build.0 = Debug|Any CPU
		{c91efde4-43c0-191f-988e-585469de71eb}.Release|Any CPU.ActiveCfg = Release|Any CPU
		{c91efde4-43c0-191f-988e-585469de71eb}.Release|Any CPU.Build.0 = Release|Any CPU
		{4ce2ebdc-bc54-7539-f5eb-7a4b1f7c3ee3}.Debug|Any CPU.ActiveCfg = Debug|Any CPU
		{4ce2ebdc-bc54-7539-f5eb-7a4b1f7c3ee3}.Debug|Any CPU.Build.0 = Debug|Any CPU
		{4ce2ebdc-bc54-7539-f5eb-7a4b1f7c3ee3}.Release|Any CPU.ActiveCfg = Release|Any CPU
		{4ce2ebdc-bc54-7539-f5eb-7a4b1f7c3ee3}.Release|Any CPU.Build.0 = Release|Any CPU
	EndGlobalSection
	GlobalSection(SolutionProperties) = preSolution
		HideSolutionNode = FALSE
	EndGlobalSection
EndGlobal
